
Microsoft Visual Studio Solution File, Format Version 12.00
# Visual Studio 15
VisualStudioVersion = 15.0.28010.2026
MinimumVisualStudioVersion = 10.0.40219.1
Project("{FAE04EC0-301F-11D3-BF4B-00C04F79EFBC}") = "ProjectSystemCalendar", "ProjectSystemCalendar\ProjectSystemCalendar.csproj", "{DC5C7A48-713B-4539-A705-34D983288F95}"
EndProject
Project("{FAE04EC0-301F-11D3-BF4B-00C04F79EFBC}") = "CalendarDemo", "CalendarDemo\CalendarDemo.csproj", "{CCAB97D3-8290-4140-906D-8FF8CB8D6FED}"
EndProject
Project("{FAE04EC0-301F-11D3-BF4B-00C04F79EFBC}") = "System.Windows.Forms.Calendar", "System.Windows.Forms.Calendar\System.Windows.Forms.Calendar.csproj", "{25649F08-3046-4891-ADB8-7EA787B57063}"
EndProject
Project("{FAE04EC0-301F-11D3-BF4B-00C04F79EFBC}") = "ProjectModel", "ProjectModel\ProjectModel.csproj", "{05CB6CEB-3617-48DE-8D0E-3CE4D6A52BAF}"
EndProject
Global
	GlobalSection(SolutionConfigurationPlatforms) = preSolution
		Debug|Any CPU = Debug|Any CPU
		Release|Any CPU = Release|Any CPU
	EndGlobalSection
	GlobalSection(ProjectConfigurationPlatforms) = postSolution
		{DC5C7A48-713B-4539-A705-34D983288F95}.Debug|Any CPU.ActiveCfg = Debug|Any CPU
		{DC5C7A48-713B-4539-A705-34D983288F95}.Debug|Any CPU.Build.0 = Debug|Any CPU
		{DC5C7A48-713B-4539-A705-34D983288F95}.Release|Any CPU.ActiveCfg = Release|Any CPU
		{DC5C7A48-713B-4539-A705-34D983288F95}.Release|Any CPU.Build.0 = Release|Any CPU
		{CCAB97D3-8290-4140-906D-8FF8CB8D6FED}.Debug|Any CPU.ActiveCfg = Debug|Any CPU
		{CCAB97D3-8290-4140-906D-8FF8CB8D6FED}.Debug|Any CPU.Build.0 = Debug|Any CPU
		{CCAB97D3-8290-4140-906D-8FF8CB8D6FED}.Release|Any CPU.ActiveCfg = Release|Any CPU
		{CCAB97D3-8290-4140-906D-8FF8CB8D6FED}.Release|Any CPU.Build.0 = Release|Any CPU
		{25649F08-3046-4891-ADB8-7EA787B57063}.Debug|Any CPU.ActiveCfg = Debug|Any CPU
		{25649F08-3046-4891-ADB8-7EA787B57063}.Debug|Any CPU.Build.0 = Debug|Any CPU
		{25649F08-3046-4891-ADB8-7EA787B57063}.Release|Any CPU.ActiveCfg = Release|Any CPU
		{25649F08-3046-4891-ADB8-7EA787B57063}.Release|Any CPU.Build.0 = Release|Any CPU
		{05CB6CEB-3617-48DE-8D0E-3CE4D6A52BAF}.Debug|Any CPU.ActiveCfg = Debug|Any CPU
		{05CB6CEB-3617-48DE-8D0E-3CE4D6A52BAF}.Debug|Any CPU.Build.0 = Debug|Any CPU
		{05CB6CEB-3617-48DE-8D0E-3CE4D6A52BAF}.Release|Any CPU.ActiveCfg = Release|Any CPU
		{05CB6CEB-3617-48DE-8D0E-3CE4D6A52BAF}.Release|Any CPU.Build.0 = Release|Any CPU
	EndGlobalSection
	GlobalSection(SolutionProperties) = preSolution
		HideSolutionNode = FALSE
	EndGlobalSection
	GlobalSection(ExtensibilityGlobals) = postSolution
		SolutionGuid = {DCFBB926-8BAA-408B-8E10-BD0FFD1DC3E8}
	EndGlobalSection
EndGlobal
