
Microsoft Visual Studio Solution File, Format Version 12.00
# Visual Studio 15
VisualStudioVersion = 15.0.28010.2026
MinimumVisualStudioVersion = 10.0.40219.1
Project("{FAE04EC0-301F-11D3-BF4B-00C04F79EFBC}") = "Wpf_ProjectCostManager", "Wpf_ProjectCostManager\Wpf_ProjectCostManager.csproj", "{DB07506B-726B-465D-8FCF-EE1FDE5F967A}"
EndProject
Project("{FAE04EC0-301F-11D3-BF4B-00C04F79EFBC}") = "Wpf_LoginSystem", "Wpf_LoginSystem\Wpf_LoginSystem.csproj", "{348F6983-CE81-49BB-A9E4-7C61D7FD44CC}"
EndProject
Project("{FAE04EC0-301F-11D3-BF4B-00C04F79EFBC}") = "PMEntityModel", "PMEntityModel\PMEntityModel.csproj", "{7268B4CD-705A-4CE9-9799-2F4B3FD2DCC9}"
EndProject
Project("{FAE04EC0-301F-11D3-BF4B-00C04F79EFBC}") = "TeamPMEntityModel", "TeamPMEntityModel\TeamPMEntityModel.csproj", "{B9F023B0-25F5-42A2-8BD5-B11C7545D265}"
EndProject
Project("{FAE04EC0-301F-11D3-BF4B-00C04F79EFBC}") = "De.TorstenMandelkow.MetroChart.WPF", "De.TorstenMandelkow.MetroChart.WPF\De.TorstenMandelkow.MetroChart.WPF.csproj", "{4AB4B0DB-780C-48B9-A642-8E527353D957}"
EndProject
Global
	GlobalSection(SolutionConfigurationPlatforms) = preSolution
		Debug|Any CPU = Debug|Any CPU
		Debug|ARM = Debug|ARM
		Debug|x64 = Debug|x64
		Debug|x86 = Debug|x86
		Release|Any CPU = Release|Any CPU
		Release|ARM = Release|ARM
		Release|x64 = Release|x64
		Release|x86 = Release|x86
	EndGlobalSection
	GlobalSection(ProjectConfigurationPlatforms) = postSolution
		{DB07506B-726B-465D-8FCF-EE1FDE5F967A}.Debug|Any CPU.ActiveCfg = Debug|Any CPU
		{DB07506B-726B-465D-8FCF-EE1FDE5F967A}.Debug|Any CPU.Build.0 = Debug|Any CPU
		{DB07506B-726B-465D-8FCF-EE1FDE5F967A}.Debug|ARM.ActiveCfg = Debug|Any CPU
		{DB07506B-726B-465D-8FCF-EE1FDE5F967A}.Debug|ARM.Build.0 = Debug|Any CPU
		{DB07506B-726B-465D-8FCF-EE1FDE5F967A}.Debug|x64.ActiveCfg = Debug|Any CPU
		{DB07506B-726B-465D-8FCF-EE1FDE5F967A}.Debug|x64.Build.0 = Debug|Any CPU
		{DB07506B-726B-465D-8FCF-EE1FDE5F967A}.Debug|x86.ActiveCfg = Debug|Any CPU
		{DB07506B-726B-465D-8FCF-EE1FDE5F967A}.Debug|x86.Build.0 = Debug|Any CPU
		{DB07506B-726B-465D-8FCF-EE1FDE5F967A}.Release|Any CPU.ActiveCfg = Release|Any CPU
		{DB07506B-726B-465D-8FCF-EE1FDE5F967A}.Release|Any CPU.Build.0 = Release|Any CPU
		{DB07506B-726B-465D-8FCF-EE1FDE5F967A}.Release|ARM.ActiveCfg = Release|Any CPU
		{DB07506B-726B-465D-8FCF-EE1FDE5F967A}.Release|ARM.Build.0 = Release|Any CPU
		{DB07506B-726B-465D-8FCF-EE1FDE5F967A}.Release|x64.ActiveCfg = Release|Any CPU
		{DB07506B-726B-465D-8FCF-EE1FDE5F967A}.Release|x64.Build.0 = Release|Any CPU
		{DB07506B-726B-465D-8FCF-EE1FDE5F967A}.Release|x86.ActiveCfg = Release|Any CPU
		{DB07506B-726B-465D-8FCF-EE1FDE5F967A}.Release|x86.Build.0 = Release|Any CPU
		{348F6983-CE81-49BB-A9E4-7C61D7FD44CC}.Debug|Any CPU.ActiveCfg = Debug|Any CPU
		{348F6983-CE81-49BB-A9E4-7C61D7FD44CC}.Debug|Any CPU.Build.0 = Debug|Any CPU
		{348F6983-CE81-49BB-A9E4-7C61D7FD44CC}.Debug|ARM.ActiveCfg = Debug|Any CPU
		{348F6983-CE81-49BB-A9E4-7C61D7FD44CC}.Debug|ARM.Build.0 = Debug|Any CPU
		{348F6983-CE81-49BB-A9E4-7C61D7FD44CC}.Debug|x64.ActiveCfg = Debug|Any CPU
		{348F6983-CE81-49BB-A9E4-7C61D7FD44CC}.Debug|x64.Build.0 = Debug|Any CPU
		{348F6983-CE81-49BB-A9E4-7C61D7FD44CC}.Debug|x86.ActiveCfg = Debug|Any CPU
		{348F6983-CE81-49BB-A9E4-7C61D7FD44CC}.Debug|x86.Build.0 = Debug|Any CPU
		{348F6983-CE81-49BB-A9E4-7C61D7FD44CC}.Release|Any CPU.ActiveCfg = Release|Any CPU
		{348F6983-CE81-49BB-A9E4-7C61D7FD44CC}.Release|Any CPU.Build.0 = Release|Any CPU
		{348F6983-CE81-49BB-A9E4-7C61D7FD44CC}.Release|ARM.ActiveCfg = Release|Any CPU
		{348F6983-CE81-49BB-A9E4-7C61D7FD44CC}.Release|ARM.Build.0 = Release|Any CPU
		{348F6983-CE81-49BB-A9E4-7C61D7FD44CC}.Release|x64.ActiveCfg = Release|Any CPU
		{348F6983-CE81-49BB-A9E4-7C61D7FD44CC}.Release|x64.Build.0 = Release|Any CPU
		{348F6983-CE81-49BB-A9E4-7C61D7FD44CC}.Release|x86.ActiveCfg = Release|Any CPU
		{348F6983-CE81-49BB-A9E4-7C61D7FD44CC}.Release|x86.Build.0 = Release|Any CPU
		{7268B4CD-705A-4CE9-9799-2F4B3FD2DCC9}.Debug|Any CPU.ActiveCfg = Debug|Any CPU
		{7268B4CD-705A-4CE9-9799-2F4B3FD2DCC9}.Debug|Any CPU.Build.0 = Debug|Any CPU
		{7268B4CD-705A-4CE9-9799-2F4B3FD2DCC9}.Debug|ARM.ActiveCfg = Debug|Any CPU
		{7268B4CD-705A-4CE9-9799-2F4B3FD2DCC9}.Debug|ARM.Build.0 = Debug|Any CPU
		{7268B4CD-705A-4CE9-9799-2F4B3FD2DCC9}.Debug|x64.ActiveCfg = Debug|Any CPU
		{7268B4CD-705A-4CE9-9799-2F4B3FD2DCC9}.Debug|x64.Build.0 = Debug|Any CPU
		{7268B4CD-705A-4CE9-9799-2F4B3FD2DCC9}.Debug|x86.ActiveCfg = Debug|Any CPU
		{7268B4CD-705A-4CE9-9799-2F4B3FD2DCC9}.Debug|x86.Build.0 = Debug|Any CPU
		{7268B4CD-705A-4CE9-9799-2F4B3FD2DCC9}.Release|Any CPU.ActiveCfg = Release|Any CPU
		{7268B4CD-705A-4CE9-9799-2F4B3FD2DCC9}.Release|Any CPU.Build.0 = Release|Any CPU
		{7268B4CD-705A-4CE9-9799-2F4B3FD2DCC9}.Release|ARM.ActiveCfg = Release|Any CPU
		{7268B4CD-705A-4CE9-9799-2F4B3FD2DCC9}.Release|ARM.Build.0 = Release|Any CPU
		{7268B4CD-705A-4CE9-9799-2F4B3FD2DCC9}.Release|x64.ActiveCfg = Release|Any CPU
		{7268B4CD-705A-4CE9-9799-2F4B3FD2DCC9}.Release|x64.Build.0 = Release|Any CPU
		{7268B4CD-705A-4CE9-9799-2F4B3FD2DCC9}.Release|x86.ActiveCfg = Release|Any CPU
		{7268B4CD-705A-4CE9-9799-2F4B3FD2DCC9}.Release|x86.Build.0 = Release|Any CPU
		{B9F023B0-25F5-42A2-8BD5-B11C7545D265}.Debug|Any CPU.ActiveCfg = Debug|Any CPU
		{B9F023B0-25F5-42A2-8BD5-B11C7545D265}.Debug|Any CPU.Build.0 = Debug|Any CPU
		{B9F023B0-25F5-42A2-8BD5-B11C7545D265}.Debug|ARM.ActiveCfg = Debug|Any CPU
		{B9F023B0-25F5-42A2-8BD5-B11C7545D265}.Debug|ARM.Build.0 = Debug|Any CPU
		{B9F023B0-25F5-42A2-8BD5-B11C7545D265}.Debug|x64.ActiveCfg = Debug|Any CPU
		{B9F023B0-25F5-42A2-8BD5-B11C7545D265}.Debug|x64.Build.0 = Debug|Any CPU
		{B9F023B0-25F5-42A2-8BD5-B11C7545D265}.Debug|x86.ActiveCfg = Debug|Any CPU
		{B9F023B0-25F5-42A2-8BD5-B11C7545D265}.Debug|x86.Build.0 = Debug|Any CPU
		{B9F023B0-25F5-42A2-8BD5-B11C7545D265}.Release|Any CPU.ActiveCfg = Release|Any CPU
		{B9F023B0-25F5-42A2-8BD5-B11C7545D265}.Release|Any CPU.Build.0 = Release|Any CPU
		{B9F023B0-25F5-42A2-8BD5-B11C7545D265}.Release|ARM.ActiveCfg = Release|Any CPU
		{B9F023B0-25F5-42A2-8BD5-B11C7545D265}.Release|ARM.Build.0 = Release|Any CPU
		{B9F023B0-25F5-42A2-8BD5-B11C7545D265}.Release|x64.ActiveCfg = Release|Any CPU
		{B9F023B0-25F5-42A2-8BD5-B11C7545D265}.Release|x64.Build.0 = Release|Any CPU
		{B9F023B0-25F5-42A2-8BD5-B11C7545D265}.Release|x86.ActiveCfg = Release|Any CPU
		{B9F023B0-25F5-42A2-8BD5-B11C7545D265}.Release|x86.Build.0 = Release|Any CPU
		{4AB4B0DB-780C-48B9-A642-8E527353D957}.Debug|Any CPU.ActiveCfg = Debug|Any CPU
		{4AB4B0DB-780C-48B9-A642-8E527353D957}.Debug|Any CPU.Build.0 = Debug|Any CPU
		{4AB4B0DB-780C-48B9-A642-8E527353D957}.Debug|ARM.ActiveCfg = Debug|Any CPU
		{4AB4B0DB-780C-48B9-A642-8E527353D957}.Debug|ARM.Build.0 = Debug|Any CPU
		{4AB4B0DB-780C-48B9-A642-8E527353D957}.Debug|x64.ActiveCfg = Debug|Any CPU
		{4AB4B0DB-780C-48B9-A642-8E527353D957}.Debug|x64.Build.0 = Debug|Any CPU
		{4AB4B0DB-780C-48B9-A642-8E527353D957}.Debug|x86.ActiveCfg = Debug|Any CPU
		{4AB4B0DB-780C-48B9-A642-8E527353D957}.Debug|x86.Build.0 = Debug|Any CPU
		{4AB4B0DB-780C-48B9-A642-8E527353D957}.Release|Any CPU.ActiveCfg = Release|Any CPU
		{4AB4B0DB-780C-48B9-A642-8E527353D957}.Release|Any CPU.Build.0 = Release|Any CPU
		{4AB4B0DB-780C-48B9-A642-8E527353D957}.Release|ARM.ActiveCfg = Release|Any CPU
		{4AB4B0DB-780C-48B9-A642-8E527353D957}.Release|ARM.Build.0 = Release|Any CPU
		{4AB4B0DB-780C-48B9-A642-8E527353D957}.Release|x64.ActiveCfg = Release|Any CPU
		{4AB4B0DB-780C-48B9-A642-8E527353D957}.Release|x64.Build.0 = Release|Any CPU
		{4AB4B0DB-780C-48B9-A642-8E527353D957}.Release|x86.ActiveCfg = Release|Any CPU
		{4AB4B0DB-780C-48B9-A642-8E527353D957}.Release|x86.Build.0 = Release|Any CPU
	EndGlobalSection
	GlobalSection(SolutionProperties) = preSolution
		HideSolutionNode = FALSE
	EndGlobalSection
	GlobalSection(ExtensibilityGlobals) = postSolution
		SolutionGuid = {3E0CD7C6-2E42-436B-BF2D-0DF04806DB8B}
	EndGlobalSection
EndGlobal
